
Microsoft Visual Studio Solution File, Format Version 12.00
# Visual Studio Version 17
VisualStudioVersion = 17.7.34024.191
MinimumVisualStudioVersion = 10.0.40219.1
Project("{FAE04EC0-301F-11D3-BF4B-00C04F79EFBC}") = "csharp-gestore-eventi", "csharp-gestore-eventi\csharp-gestore-eventi.csproj", "{09B43EEA-3054-4E65-B5BD-9EF87CB5062D}"
EndProject
Global
	GlobalSection(SolutionConfigurationPlatforms) = preSolution
		Debug|Any CPU = Debug|Any CPU
		Release|Any CPU = Release|Any CPU
	EndGlobalSection
	GlobalSection(ProjectConfigurationPlatforms) = postSolution
		{09B43EEA-3054-4E65-B5BD-9EF87CB5062D}.Debug|Any CPU.ActiveCfg = Debug|Any CPU
		{09B43EEA-3054-4E65-B5BD-9EF87CB5062D}.Debug|Any CPU.Build.0 = Debug|Any CPU
		{09B43EEA-3054-4E65-B5BD-9EF87CB5062D}.Release|Any CPU.ActiveCfg = Release|Any CPU
		{09B43EEA-3054-4E65-B5BD-9EF87CB5062D}.Release|Any CPU.Build.0 = Release|Any CPU
	EndGlobalSection
	GlobalSection(SolutionProperties) = preSolution
		HideSolutionNode = FALSE
	EndGlobalSection
	GlobalSection(ExtensibilityGlobals) = postSolution
		SolutionGuid = {F61B6DFA-8EE3-4AFD-9A96-FE8AD8A92CEC}
	EndGlobalSection
EndGlobal
